// !$*UTF8*$!
{
	archiveVersion = 1;
	classes = {
	};
	objectVersion = 50;
	objects = {

/* Begin PBXBuildFile section */
		4C0A8C9526272FB00078F09B /* ContentViewModel.swift in Sources */ = {isa = PBXBuildFile; fileRef = 4C0A8C9426272FB00078F09B /* ContentViewModel.swift */; };
		4C39411D261E4C7800F9F3E4 /* NSManagedObjectContext-Save.swift in Sources */ = {isa = PBXBuildFile; fileRef = 4C39411C261E4C7800F9F3E4 /* NSManagedObjectContext-Save.swift */; };
		4C394140261E68C300F9F3E4 /* AddDatasetView.swift in Sources */ = {isa = PBXBuildFile; fileRef = 4C39413F261E68C300F9F3E4 /* AddDatasetView.swift */; };
		4C39414D261F4F6600F9F3E4 /* AddVariableView.swift in Sources */ = {isa = PBXBuildFile; fileRef = 4C39414C261F4F6600F9F3E4 /* AddVariableView.swift */; };
		4C3941BD2620FC6D00F9F3E4 /* Dataset+CoreDataClass.swift in Sources */ = {isa = PBXBuildFile; fileRef = 4C3941B72620FC6D00F9F3E4 /* Dataset+CoreDataClass.swift */; };
		4C3941BE2620FC6D00F9F3E4 /* Dataset+CoreDataProperties.swift in Sources */ = {isa = PBXBuildFile; fileRef = 4C3941B82620FC6D00F9F3E4 /* Dataset+CoreDataProperties.swift */; };
		4C3941BF2620FC6D00F9F3E4 /* ContinuousVariable+CoreDataClass.swift in Sources */ = {isa = PBXBuildFile; fileRef = 4C3941B92620FC6D00F9F3E4 /* ContinuousVariable+CoreDataClass.swift */; };
		4C3941C02620FC6D00F9F3E4 /* ContinuousVariable+CoreDataProperties.swift in Sources */ = {isa = PBXBuildFile; fileRef = 4C3941BA2620FC6D00F9F3E4 /* ContinuousVariable+CoreDataProperties.swift */; };
		4C3941C92620FCAB00F9F3E4 /* CategoricalVariable+CoreDataClass.swift in Sources */ = {isa = PBXBuildFile; fileRef = 4C3941C72620FCAB00F9F3E4 /* CategoricalVariable+CoreDataClass.swift */; };
		4C3941CA2620FCAB00F9F3E4 /* CategoricalVariable+CoreDataProperties.swift in Sources */ = {isa = PBXBuildFile; fileRef = 4C3941C82620FCAB00F9F3E4 /* CategoricalVariable+CoreDataProperties.swift */; };
		4CAEB70B261DF5B900EF21E7 /* DatumApp.swift in Sources */ = {isa = PBXBuildFile; fileRef = 4CAEB70A261DF5B900EF21E7 /* DatumApp.swift */; };
		4CAEB70D261DF5B900EF21E7 /* ContentView.swift in Sources */ = {isa = PBXBuildFile; fileRef = 4CAEB70C261DF5B900EF21E7 /* ContentView.swift */; };
		4CAEB70F261DF5BD00EF21E7 /* Assets.xcassets in Resources */ = {isa = PBXBuildFile; fileRef = 4CAEB70E261DF5BD00EF21E7 /* Assets.xcassets */; };
		4CAEB712261DF5BD00EF21E7 /* Preview Assets.xcassets in Resources */ = {isa = PBXBuildFile; fileRef = 4CAEB711261DF5BD00EF21E7 /* Preview Assets.xcassets */; };
		4CAEB714261DF5BD00EF21E7 /* Persistence.swift in Sources */ = {isa = PBXBuildFile; fileRef = 4CAEB713261DF5BD00EF21E7 /* Persistence.swift */; };
		4CAEB717261DF5BD00EF21E7 /* Datum.xcdatamodeld in Sources */ = {isa = PBXBuildFile; fileRef = 4CAEB715261DF5BD00EF21E7 /* Datum.xcdatamodeld */; };
		4CAEB722261DF5BE00EF21E7 /* DatumTests.swift in Sources */ = {isa = PBXBuildFile; fileRef = 4CAEB721261DF5BE00EF21E7 /* DatumTests.swift */; };
		4CAEB72D261DF5BE00EF21E7 /* DatumUITests.swift in Sources */ = {isa = PBXBuildFile; fileRef = 4CAEB72C261DF5BE00EF21E7 /* DatumUITests.swift */; };
		4CAEB73F261DF6CF00EF21E7 /* ScatterplotView.swift in Sources */ = {isa = PBXBuildFile; fileRef = 4CAEB73E261DF6CF00EF21E7 /* ScatterplotView.swift */; };
		4CD1AC88262748BF0018CEF1 /* DatasetStorage.swift in Sources */ = {isa = PBXBuildFile; fileRef = 4CD1AC87262748BF0018CEF1 /* DatasetStorage.swift */; };
		4CD1AC8D26274EF50018CEF1 /* AddDatasetViewModel.swift in Sources */ = {isa = PBXBuildFile; fileRef = 4CD1AC8C26274EF50018CEF1 /* AddDatasetViewModel.swift */; };
		4CDD51D2261E21F400B625F6 /* DatasetView.swift in Sources */ = {isa = PBXBuildFile; fileRef = 4CDD51D1261E21F400B625F6 /* DatasetView.swift */; };
/* End PBXBuildFile section */

/* Begin PBXContainerItemProxy section */
		4CAEB71E261DF5BE00EF21E7 /* PBXContainerItemProxy */ = {
			isa = PBXContainerItemProxy;
			containerPortal = 4CAEB6FF261DF5B900EF21E7 /* Project object */;
			proxyType = 1;
			remoteGlobalIDString = 4CAEB706261DF5B900EF21E7;
			remoteInfo = Datum;
		};
		4CAEB729261DF5BE00EF21E7 /* PBXContainerItemProxy */ = {
			isa = PBXContainerItemProxy;
			containerPortal = 4CAEB6FF261DF5B900EF21E7 /* Project object */;
			proxyType = 1;
			remoteGlobalIDString = 4CAEB706261DF5B900EF21E7;
			remoteInfo = Datum;
		};
/* End PBXContainerItemProxy section */

/* Begin PBXFileReference section */
		4C0A8C9426272FB00078F09B /* ContentViewModel.swift */ = {isa = PBXFileReference; lastKnownFileType = sourcecode.swift; path = ContentViewModel.swift; sourceTree = "<group>"; };
		4C39411C261E4C7800F9F3E4 /* NSManagedObjectContext-Save.swift */ = {isa = PBXFileReference; lastKnownFileType = sourcecode.swift; path = "NSManagedObjectContext-Save.swift"; sourceTree = "<group>"; };
		4C39413F261E68C300F9F3E4 /* AddDatasetView.swift */ = {isa = PBXFileReference; lastKnownFileType = sourcecode.swift; path = AddDatasetView.swift; sourceTree = "<group>"; };
		4C39414C261F4F6600F9F3E4 /* AddVariableView.swift */ = {isa = PBXFileReference; lastKnownFileType = sourcecode.swift; path = AddVariableView.swift; sourceTree = "<group>"; };
		4C3941B72620FC6D00F9F3E4 /* Dataset+CoreDataClass.swift */ = {isa = PBXFileReference; lastKnownFileType = sourcecode.swift; path = "Dataset+CoreDataClass.swift"; sourceTree = SOURCE_ROOT; };
		4C3941B82620FC6D00F9F3E4 /* Dataset+CoreDataProperties.swift */ = {isa = PBXFileReference; lastKnownFileType = sourcecode.swift; path = "Dataset+CoreDataProperties.swift"; sourceTree = SOURCE_ROOT; };
		4C3941B92620FC6D00F9F3E4 /* ContinuousVariable+CoreDataClass.swift */ = {isa = PBXFileReference; lastKnownFileType = sourcecode.swift; path = "ContinuousVariable+CoreDataClass.swift"; sourceTree = SOURCE_ROOT; };
		4C3941BA2620FC6D00F9F3E4 /* ContinuousVariable+CoreDataProperties.swift */ = {isa = PBXFileReference; lastKnownFileType = sourcecode.swift; path = "ContinuousVariable+CoreDataProperties.swift"; sourceTree = SOURCE_ROOT; };
		4C3941C72620FCAB00F9F3E4 /* CategoricalVariable+CoreDataClass.swift */ = {isa = PBXFileReference; lastKnownFileType = sourcecode.swift; path = "CategoricalVariable+CoreDataClass.swift"; sourceTree = SOURCE_ROOT; };
		4C3941C82620FCAB00F9F3E4 /* CategoricalVariable+CoreDataProperties.swift */ = {isa = PBXFileReference; lastKnownFileType = sourcecode.swift; path = "CategoricalVariable+CoreDataProperties.swift"; sourceTree = SOURCE_ROOT; };
		4CAEB707261DF5B900EF21E7 /* Datum.app */ = {isa = PBXFileReference; explicitFileType = wrapper.application; includeInIndex = 0; path = Datum.app; sourceTree = BUILT_PRODUCTS_DIR; };
		4CAEB70A261DF5B900EF21E7 /* DatumApp.swift */ = {isa = PBXFileReference; lastKnownFileType = sourcecode.swift; path = DatumApp.swift; sourceTree = "<group>"; };
		4CAEB70C261DF5B900EF21E7 /* ContentView.swift */ = {isa = PBXFileReference; lastKnownFileType = sourcecode.swift; path = ContentView.swift; sourceTree = "<group>"; };
		4CAEB70E261DF5BD00EF21E7 /* Assets.xcassets */ = {isa = PBXFileReference; lastKnownFileType = folder.assetcatalog; path = Assets.xcassets; sourceTree = "<group>"; };
		4CAEB711261DF5BD00EF21E7 /* Preview Assets.xcassets */ = {isa = PBXFileReference; lastKnownFileType = folder.assetcatalog; path = "Preview Assets.xcassets"; sourceTree = "<group>"; };
		4CAEB713261DF5BD00EF21E7 /* Persistence.swift */ = {isa = PBXFileReference; lastKnownFileType = sourcecode.swift; path = Persistence.swift; sourceTree = "<group>"; };
		4CAEB716261DF5BD00EF21E7 /* Datum.xcdatamodel */ = {isa = PBXFileReference; lastKnownFileType = wrapper.xcdatamodel; path = Datum.xcdatamodel; sourceTree = "<group>"; };
		4CAEB718261DF5BD00EF21E7 /* Info.plist */ = {isa = PBXFileReference; lastKnownFileType = text.plist.xml; path = Info.plist; sourceTree = "<group>"; };
		4CAEB71D261DF5BE00EF21E7 /* DatumTests.xctest */ = {isa = PBXFileReference; explicitFileType = wrapper.cfbundle; includeInIndex = 0; path = DatumTests.xctest; sourceTree = BUILT_PRODUCTS_DIR; };
		4CAEB721261DF5BE00EF21E7 /* DatumTests.swift */ = {isa = PBXFileReference; lastKnownFileType = sourcecode.swift; path = DatumTests.swift; sourceTree = "<group>"; };
		4CAEB723261DF5BE00EF21E7 /* Info.plist */ = {isa = PBXFileReference; lastKnownFileType = text.plist.xml; path = Info.plist; sourceTree = "<group>"; };
		4CAEB728261DF5BE00EF21E7 /* DatumUITests.xctest */ = {isa = PBXFileReference; explicitFileType = wrapper.cfbundle; includeInIndex = 0; path = DatumUITests.xctest; sourceTree = BUILT_PRODUCTS_DIR; };
		4CAEB72C261DF5BE00EF21E7 /* DatumUITests.swift */ = {isa = PBXFileReference; lastKnownFileType = sourcecode.swift; path = DatumUITests.swift; sourceTree = "<group>"; };
		4CAEB72E261DF5BE00EF21E7 /* Info.plist */ = {isa = PBXFileReference; lastKnownFileType = text.plist.xml; path = Info.plist; sourceTree = "<group>"; };
		4CAEB73E261DF6CF00EF21E7 /* ScatterplotView.swift */ = {isa = PBXFileReference; lastKnownFileType = sourcecode.swift; path = ScatterplotView.swift; sourceTree = "<group>"; };
		4CD1AC87262748BF0018CEF1 /* DatasetStorage.swift */ = {isa = PBXFileReference; lastKnownFileType = sourcecode.swift; path = DatasetStorage.swift; sourceTree = "<group>"; };
		4CD1AC8C26274EF50018CEF1 /* AddDatasetViewModel.swift */ = {isa = PBXFileReference; lastKnownFileType = sourcecode.swift; path = AddDatasetViewModel.swift; sourceTree = "<group>"; };
		4CDD51D1261E21F400B625F6 /* DatasetView.swift */ = {isa = PBXFileReference; lastKnownFileType = sourcecode.swift; path = DatasetView.swift; sourceTree = "<group>"; };
/* End PBXFileReference section */

/* Begin PBXFrameworksBuildPhase section */
		4CAEB704261DF5B900EF21E7 /* Frameworks */ = {
			isa = PBXFrameworksBuildPhase;
			buildActionMask = 2147483647;
			files = (
			);
			runOnlyForDeploymentPostprocessing = 0;
		};
		4CAEB71A261DF5BE00EF21E7 /* Frameworks */ = {
			isa = PBXFrameworksBuildPhase;
			buildActionMask = 2147483647;
			files = (
			);
			runOnlyForDeploymentPostprocessing = 0;
		};
		4CAEB725261DF5BE00EF21E7 /* Frameworks */ = {
			isa = PBXFrameworksBuildPhase;
			buildActionMask = 2147483647;
			files = (
			);
			runOnlyForDeploymentPostprocessing = 0;
		};
/* End PBXFrameworksBuildPhase section */

/* Begin PBXGroup section */
		4C3539E02625E31300F312F5 /* View */ = {
			isa = PBXGroup;
			children = (
				4CAEB70C261DF5B900EF21E7 /* ContentView.swift */,
				4C39413F261E68C300F9F3E4 /* AddDatasetView.swift */,
				4CDD51D1261E21F400B625F6 /* DatasetView.swift */,
				4C39414C261F4F6600F9F3E4 /* AddVariableView.swift */,
			);
			path = View;
			sourceTree = "<group>";
		};
		4C39411B261E4C5B00F9F3E4 /* Extensions */ = {
			isa = PBXGroup;
			children = (
				4C39411C261E4C7800F9F3E4 /* NSManagedObjectContext-Save.swift */,
			);
			path = Extensions;
			sourceTree = "<group>";
		};
		4C3941542620CA5F00F9F3E4 /* Model */ = {
			isa = PBXGroup;
			children = (
				4C3941C72620FCAB00F9F3E4 /* CategoricalVariable+CoreDataClass.swift */,
				4C3941C82620FCAB00F9F3E4 /* CategoricalVariable+CoreDataProperties.swift */,
				4C3941B72620FC6D00F9F3E4 /* Dataset+CoreDataClass.swift */,
				4C3941B82620FC6D00F9F3E4 /* Dataset+CoreDataProperties.swift */,
				4C3941B92620FC6D00F9F3E4 /* ContinuousVariable+CoreDataClass.swift */,
				4C3941BA2620FC6D00F9F3E4 /* ContinuousVariable+CoreDataProperties.swift */,
			);
			path = Model;
			sourceTree = "<group>";
		};
		4C3941CE26248AD300F9F3E4 /* ViewModel */ = {
			isa = PBXGroup;
			children = (
				4C0A8C9426272FB00078F09B /* ContentViewModel.swift */,
				4CD1AC8C26274EF50018CEF1 /* AddDatasetViewModel.swift */,
			);
			path = ViewModel;
			sourceTree = "<group>";
		};
		4CAEB6FE261DF5B900EF21E7 = {
			isa = PBXGroup;
			children = (
				4CAEB709261DF5B900EF21E7 /* Datum */,
				4CAEB720261DF5BE00EF21E7 /* DatumTests */,
				4CAEB72B261DF5BE00EF21E7 /* DatumUITests */,
				4CAEB708261DF5B900EF21E7 /* Products */,
			);
			sourceTree = "<group>";
		};
		4CAEB708261DF5B900EF21E7 /* Products */ = {
			isa = PBXGroup;
			children = (
				4CAEB707261DF5B900EF21E7 /* Datum.app */,
				4CAEB71D261DF5BE00EF21E7 /* DatumTests.xctest */,
				4CAEB728261DF5BE00EF21E7 /* DatumUITests.xctest */,
			);
			name = Products;
			sourceTree = "<group>";
		};
		4CAEB709261DF5B900EF21E7 /* Datum */ = {
			isa = PBXGroup;
			children = (
				4CAEB70A261DF5B900EF21E7 /* DatumApp.swift */,
				4CAEB713261DF5BD00EF21E7 /* Persistence.swift */,
				4C3539E02625E31300F312F5 /* View */,
				4CAEB73D261DF6BB00EF21E7 /* Charts */,
				4C3941CE26248AD300F9F3E4 /* ViewModel */,
				4C3941542620CA5F00F9F3E4 /* Model */,
				4CD1AC862627489F0018CEF1 /* Core Data */,
				4C39411B261E4C5B00F9F3E4 /* Extensions */,
				4CAEB715261DF5BD00EF21E7 /* Datum.xcdatamodeld */,
				4CAEB70E261DF5BD00EF21E7 /* Assets.xcassets */,
				4CAEB718261DF5BD00EF21E7 /* Info.plist */,
				4CAEB710261DF5BD00EF21E7 /* Preview Content */,
			);
			path = Datum;
			sourceTree = "<group>";
		};
		4CAEB710261DF5BD00EF21E7 /* Preview Content */ = {
			isa = PBXGroup;
			children = (
				4CAEB711261DF5BD00EF21E7 /* Preview Assets.xcassets */,
			);
			path = "Preview Content";
			sourceTree = "<group>";
		};
		4CAEB720261DF5BE00EF21E7 /* DatumTests */ = {
			isa = PBXGroup;
			children = (
				4CAEB721261DF5BE00EF21E7 /* DatumTests.swift */,
				4CAEB723261DF5BE00EF21E7 /* Info.plist */,
			);
			path = DatumTests;
			sourceTree = "<group>";
		};
		4CAEB72B261DF5BE00EF21E7 /* DatumUITests */ = {
			isa = PBXGroup;
			children = (
				4CAEB72C261DF5BE00EF21E7 /* DatumUITests.swift */,
				4CAEB72E261DF5BE00EF21E7 /* Info.plist */,
			);
			path = DatumUITests;
			sourceTree = "<group>";
		};
		4CAEB73D261DF6BB00EF21E7 /* Charts */ = {
			isa = PBXGroup;
			children = (
				4CAEB73E261DF6CF00EF21E7 /* ScatterplotView.swift */,
			);
			path = Charts;
			sourceTree = "<group>";
		};
		4CD1AC862627489F0018CEF1 /* Core Data */ = {
			isa = PBXGroup;
			children = (
				4CD1AC87262748BF0018CEF1 /* DatasetStorage.swift */,
			);
			path = "Core Data";
			sourceTree = "<group>";
		};
/* End PBXGroup section */

/* Begin PBXNativeTarget section */
		4CAEB706261DF5B900EF21E7 /* Datum */ = {
			isa = PBXNativeTarget;
			buildConfigurationList = 4CAEB731261DF5BE00EF21E7 /* Build configuration list for PBXNativeTarget "Datum" */;
			buildPhases = (
				4CAEB703261DF5B900EF21E7 /* Sources */,
				4CAEB704261DF5B900EF21E7 /* Frameworks */,
				4CAEB705261DF5B900EF21E7 /* Resources */,
			);
			buildRules = (
			);
			dependencies = (
			);
			name = Datum;
			productName = Datum;
			productReference = 4CAEB707261DF5B900EF21E7 /* Datum.app */;
			productType = "com.apple.product-type.application";
		};
		4CAEB71C261DF5BE00EF21E7 /* DatumTests */ = {
			isa = PBXNativeTarget;
			buildConfigurationList = 4CAEB734261DF5BE00EF21E7 /* Build configuration list for PBXNativeTarget "DatumTests" */;
			buildPhases = (
				4CAEB719261DF5BE00EF21E7 /* Sources */,
				4CAEB71A261DF5BE00EF21E7 /* Frameworks */,
				4CAEB71B261DF5BE00EF21E7 /* Resources */,
			);
			buildRules = (
			);
			dependencies = (
				4CAEB71F261DF5BE00EF21E7 /* PBXTargetDependency */,
			);
			name = DatumTests;
			productName = DatumTests;
			productReference = 4CAEB71D261DF5BE00EF21E7 /* DatumTests.xctest */;
			productType = "com.apple.product-type.bundle.unit-test";
		};
		4CAEB727261DF5BE00EF21E7 /* DatumUITests */ = {
			isa = PBXNativeTarget;
			buildConfigurationList = 4CAEB737261DF5BE00EF21E7 /* Build configuration list for PBXNativeTarget "DatumUITests" */;
			buildPhases = (
				4CAEB724261DF5BE00EF21E7 /* Sources */,
				4CAEB725261DF5BE00EF21E7 /* Frameworks */,
				4CAEB726261DF5BE00EF21E7 /* Resources */,
			);
			buildRules = (
			);
			dependencies = (
				4CAEB72A261DF5BE00EF21E7 /* PBXTargetDependency */,
			);
			name = DatumUITests;
			productName = DatumUITests;
			productReference = 4CAEB728261DF5BE00EF21E7 /* DatumUITests.xctest */;
			productType = "com.apple.product-type.bundle.ui-testing";
		};
/* End PBXNativeTarget section */

/* Begin PBXProject section */
		4CAEB6FF261DF5B900EF21E7 /* Project object */ = {
			isa = PBXProject;
			attributes = {
				LastSwiftUpdateCheck = 1240;
				LastUpgradeCheck = 1240;
				TargetAttributes = {
					4CAEB706261DF5B900EF21E7 = {
						CreatedOnToolsVersion = 12.4;
					};
					4CAEB71C261DF5BE00EF21E7 = {
						CreatedOnToolsVersion = 12.4;
						TestTargetID = 4CAEB706261DF5B900EF21E7;
					};
					4CAEB727261DF5BE00EF21E7 = {
						CreatedOnToolsVersion = 12.4;
						TestTargetID = 4CAEB706261DF5B900EF21E7;
					};
				};
			};
			buildConfigurationList = 4CAEB702261DF5B900EF21E7 /* Build configuration list for PBXProject "Datum" */;
			compatibilityVersion = "Xcode 9.3";
			developmentRegion = en;
			hasScannedForEncodings = 0;
			knownRegions = (
				en,
				Base,
			);
			mainGroup = 4CAEB6FE261DF5B900EF21E7;
			productRefGroup = 4CAEB708261DF5B900EF21E7 /* Products */;
			projectDirPath = "";
			projectRoot = "";
			targets = (
				4CAEB706261DF5B900EF21E7 /* Datum */,
				4CAEB71C261DF5BE00EF21E7 /* DatumTests */,
				4CAEB727261DF5BE00EF21E7 /* DatumUITests */,
			);
		};
/* End PBXProject section */

/* Begin PBXResourcesBuildPhase section */
		4CAEB705261DF5B900EF21E7 /* Resources */ = {
			isa = PBXResourcesBuildPhase;
			buildActionMask = 2147483647;
			files = (
				4CAEB712261DF5BD00EF21E7 /* Preview Assets.xcassets in Resources */,
				4CAEB70F261DF5BD00EF21E7 /* Assets.xcassets in Resources */,
			);
			runOnlyForDeploymentPostprocessing = 0;
		};
		4CAEB71B261DF5BE00EF21E7 /* Resources */ = {
			isa = PBXResourcesBuildPhase;
			buildActionMask = 2147483647;
			files = (
			);
			runOnlyForDeploymentPostprocessing = 0;
		};
		4CAEB726261DF5BE00EF21E7 /* Resources */ = {
			isa = PBXResourcesBuildPhase;
			buildActionMask = 2147483647;
			files = (
			);
			runOnlyForDeploymentPostprocessing = 0;
		};
/* End PBXResourcesBuildPhase section */

/* Begin PBXSourcesBuildPhase section */
		4CAEB703261DF5B900EF21E7 /* Sources */ = {
			isa = PBXSourcesBuildPhase;
			buildActionMask = 2147483647;
			files = (
				4C3941C02620FC6D00F9F3E4 /* ContinuousVariable+CoreDataProperties.swift in Sources */,
				4CAEB714261DF5BD00EF21E7 /* Persistence.swift in Sources */,
				4C3941C92620FCAB00F9F3E4 /* CategoricalVariable+CoreDataClass.swift in Sources */,
				4C39411D261E4C7800F9F3E4 /* NSManagedObjectContext-Save.swift in Sources */,
				4CAEB73F261DF6CF00EF21E7 /* ScatterplotView.swift in Sources */,
				4CAEB717261DF5BD00EF21E7 /* Datum.xcdatamodeld in Sources */,
				4C3941CA2620FCAB00F9F3E4 /* CategoricalVariable+CoreDataProperties.swift in Sources */,
				4C3941BD2620FC6D00F9F3E4 /* Dataset+CoreDataClass.swift in Sources */,
				4C0A8C9526272FB00078F09B /* ContentViewModel.swift in Sources */,
				4C39414D261F4F6600F9F3E4 /* AddVariableView.swift in Sources */,
				4CDD51D2261E21F400B625F6 /* DatasetView.swift in Sources */,
				4C394140261E68C300F9F3E4 /* AddDatasetView.swift in Sources */,
				4C3941BE2620FC6D00F9F3E4 /* Dataset+CoreDataProperties.swift in Sources */,
				4CD1AC8D26274EF50018CEF1 /* AddDatasetViewModel.swift in Sources */,
				4CAEB70D261DF5B900EF21E7 /* ContentView.swift in Sources */,
				4CAEB70B261DF5B900EF21E7 /* DatumApp.swift in Sources */,
				4CD1AC88262748BF0018CEF1 /* DatasetStorage.swift in Sources */,
				4C3941BF2620FC6D00F9F3E4 /* ContinuousVariable+CoreDataClass.swift in Sources */,
			);
			runOnlyForDeploymentPostprocessing = 0;
		};
		4CAEB719261DF5BE00EF21E7 /* Sources */ = {
			isa = PBXSourcesBuildPhase;
			buildActionMask = 2147483647;
			files = (
				4CAEB722261DF5BE00EF21E7 /* DatumTests.swift in Sources */,
			);
			runOnlyForDeploymentPostprocessing = 0;
		};
		4CAEB724261DF5BE00EF21E7 /* Sources */ = {
			isa = PBXSourcesBuildPhase;
			buildActionMask = 2147483647;
			files = (
				4CAEB72D261DF5BE00EF21E7 /* DatumUITests.swift in Sources */,
			);
			runOnlyForDeploymentPostprocessing = 0;
		};
/* End PBXSourcesBuildPhase section */

/* Begin PBXTargetDependency section */
		4CAEB71F261DF5BE00EF21E7 /* PBXTargetDependency */ = {
			isa = PBXTargetDependency;
			target = 4CAEB706261DF5B900EF21E7 /* Datum */;
			targetProxy = 4CAEB71E261DF5BE00EF21E7 /* PBXContainerItemProxy */;
		};
		4CAEB72A261DF5BE00EF21E7 /* PBXTargetDependency */ = {
			isa = PBXTargetDependency;
			target = 4CAEB706261DF5B900EF21E7 /* Datum */;
			targetProxy = 4CAEB729261DF5BE00EF21E7 /* PBXContainerItemProxy */;
		};
/* End PBXTargetDependency section */

/* Begin XCBuildConfiguration section */
		4CAEB72F261DF5BE00EF21E7 /* Debug */ = {
			isa = XCBuildConfiguration;
			buildSettings = {
				ALWAYS_SEARCH_USER_PATHS = NO;
				CLANG_ANALYZER_NONNULL = YES;
				CLANG_ANALYZER_NUMBER_OBJECT_CONVERSION = YES_AGGRESSIVE;
				CLANG_CXX_LANGUAGE_STANDARD = "gnu++14";
				CLANG_CXX_LIBRARY = "libc++";
				CLANG_ENABLE_MODULES = YES;
				CLANG_ENABLE_OBJC_ARC = YES;
				CLANG_ENABLE_OBJC_WEAK = YES;
				CLANG_WARN_BLOCK_CAPTURE_AUTORELEASING = YES;
				CLANG_WARN_BOOL_CONVERSION = YES;
				CLANG_WARN_COMMA = YES;
				CLANG_WARN_CONSTANT_CONVERSION = YES;
				CLANG_WARN_DEPRECATED_OBJC_IMPLEMENTATIONS = YES;
				CLANG_WARN_DIRECT_OBJC_ISA_USAGE = YES_ERROR;
				CLANG_WARN_DOCUMENTATION_COMMENTS = YES;
				CLANG_WARN_EMPTY_BODY = YES;
				CLANG_WARN_ENUM_CONVERSION = YES;
				CLANG_WARN_INFINITE_RECURSION = YES;
				CLANG_WARN_INT_CONVERSION = YES;
				CLANG_WARN_NON_LITERAL_NULL_CONVERSION = YES;
				CLANG_WARN_OBJC_IMPLICIT_RETAIN_SELF = YES;
				CLANG_WARN_OBJC_LITERAL_CONVERSION = YES;
				CLANG_WARN_OBJC_ROOT_CLASS = YES_ERROR;
				CLANG_WARN_QUOTED_INCLUDE_IN_FRAMEWORK_HEADER = YES;
				CLANG_WARN_RANGE_LOOP_ANALYSIS = YES;
				CLANG_WARN_STRICT_PROTOTYPES = YES;
				CLANG_WARN_SUSPICIOUS_MOVE = YES;
				CLANG_WARN_UNGUARDED_AVAILABILITY = YES_AGGRESSIVE;
				CLANG_WARN_UNREACHABLE_CODE = YES;
				CLANG_WARN__DUPLICATE_METHOD_MATCH = YES;
				COPY_PHASE_STRIP = NO;
				DEBUG_INFORMATION_FORMAT = dwarf;
				ENABLE_STRICT_OBJC_MSGSEND = YES;
				ENABLE_TESTABILITY = YES;
				GCC_C_LANGUAGE_STANDARD = gnu11;
				GCC_DYNAMIC_NO_PIC = NO;
				GCC_NO_COMMON_BLOCKS = YES;
				GCC_OPTIMIZATION_LEVEL = 0;
				GCC_PREPROCESSOR_DEFINITIONS = (
					"DEBUG=1",
					"$(inherited)",
				);
				GCC_WARN_64_TO_32_BIT_CONVERSION = YES;
				GCC_WARN_ABOUT_RETURN_TYPE = YES_ERROR;
				GCC_WARN_UNDECLARED_SELECTOR = YES;
				GCC_WARN_UNINITIALIZED_AUTOS = YES_AGGRESSIVE;
				GCC_WARN_UNUSED_FUNCTION = YES;
				GCC_WARN_UNUSED_VARIABLE = YES;
				IPHONEOS_DEPLOYMENT_TARGET = 14.4;
				MTL_ENABLE_DEBUG_INFO = INCLUDE_SOURCE;
				MTL_FAST_MATH = YES;
				ONLY_ACTIVE_ARCH = YES;
				SDKROOT = iphoneos;
				SWIFT_ACTIVE_COMPILATION_CONDITIONS = DEBUG;
				SWIFT_OPTIMIZATION_LEVEL = "-Onone";
			};
			name = Debug;
		};
		4CAEB730261DF5BE00EF21E7 /* Release */ = {
			isa = XCBuildConfiguration;
			buildSettings = {
				ALWAYS_SEARCH_USER_PATHS = NO;
				CLANG_ANALYZER_NONNULL = YES;
				CLANG_ANALYZER_NUMBER_OBJECT_CONVERSION = YES_AGGRESSIVE;
				CLANG_CXX_LANGUAGE_STANDARD = "gnu++14";
				CLANG_CXX_LIBRARY = "libc++";
				CLANG_ENABLE_MODULES = YES;
				CLANG_ENABLE_OBJC_ARC = YES;
				CLANG_ENABLE_OBJC_WEAK = YES;
				CLANG_WARN_BLOCK_CAPTURE_AUTORELEASING = YES;
				CLANG_WARN_BOOL_CONVERSION = YES;
				CLANG_WARN_COMMA = YES;
				CLANG_WARN_CONSTANT_CONVERSION = YES;
				CLANG_WARN_DEPRECATED_OBJC_IMPLEMENTATIONS = YES;
				CLANG_WARN_DIRECT_OBJC_ISA_USAGE = YES_ERROR;
				CLANG_WARN_DOCUMENTATION_COMMENTS = YES;
				CLANG_WARN_EMPTY_BODY = YES;
				CLANG_WARN_ENUM_CONVERSION = YES;
				CLANG_WARN_INFINITE_RECURSION = YES;
				CLANG_WARN_INT_CONVERSION = YES;
				CLANG_WARN_NON_LITERAL_NULL_CONVERSION = YES;
				CLANG_WARN_OBJC_IMPLICIT_RETAIN_SELF = YES;
				CLANG_WARN_OBJC_LITERAL_CONVERSION = YES;
				CLANG_WARN_OBJC_ROOT_CLASS = YES_ERROR;
				CLANG_WARN_QUOTED_INCLUDE_IN_FRAMEWORK_HEADER = YES;
				CLANG_WARN_RANGE_LOOP_ANALYSIS = YES;
				CLANG_WARN_STRICT_PROTOTYPES = YES;
				CLANG_WARN_SUSPICIOUS_MOVE = YES;
				CLANG_WARN_UNGUARDED_AVAILABILITY = YES_AGGRESSIVE;
				CLANG_WARN_UNREACHABLE_CODE = YES;
				CLANG_WARN__DUPLICATE_METHOD_MATCH = YES;
				COPY_PHASE_STRIP = NO;
				DEBUG_INFORMATION_FORMAT = "dwarf-with-dsym";
				ENABLE_NS_ASSERTIONS = NO;
				ENABLE_STRICT_OBJC_MSGSEND = YES;
				GCC_C_LANGUAGE_STANDARD = gnu11;
				GCC_NO_COMMON_BLOCKS = YES;
				GCC_WARN_64_TO_32_BIT_CONVERSION = YES;
				GCC_WARN_ABOUT_RETURN_TYPE = YES_ERROR;
				GCC_WARN_UNDECLARED_SELECTOR = YES;
				GCC_WARN_UNINITIALIZED_AUTOS = YES_AGGRESSIVE;
				GCC_WARN_UNUSED_FUNCTION = YES;
				GCC_WARN_UNUSED_VARIABLE = YES;
				IPHONEOS_DEPLOYMENT_TARGET = 14.4;
				MTL_ENABLE_DEBUG_INFO = NO;
				MTL_FAST_MATH = YES;
				SDKROOT = iphoneos;
				SWIFT_COMPILATION_MODE = wholemodule;
				SWIFT_OPTIMIZATION_LEVEL = "-O";
				VALIDATE_PRODUCT = YES;
			};
			name = Release;
		};
		4CAEB732261DF5BE00EF21E7 /* Debug */ = {
			isa = XCBuildConfiguration;
			buildSettings = {
				ASSETCATALOG_COMPILER_APPICON_NAME = AppIcon;
				ASSETCATALOG_COMPILER_GLOBAL_ACCENT_COLOR_NAME = AccentColor;
				CODE_SIGN_STYLE = Automatic;
				DEVELOPMENT_ASSET_PATHS = "\"Datum/Preview Content\"";
				DEVELOPMENT_TEAM = A7B3KML4QM;
				ENABLE_PREVIEWS = YES;
				INFOPLIST_FILE = Datum/Info.plist;
				IPHONEOS_DEPLOYMENT_TARGET = 14.0;
				LD_RUNPATH_SEARCH_PATHS = (
					"$(inherited)",
					"@executable_path/Frameworks",
				);
				PRODUCT_BUNDLE_IDENTIFIER = com.zacsoldaat.Datum;
				PRODUCT_NAME = "$(TARGET_NAME)";
				SWIFT_VERSION = 5.0;
				TARGETED_DEVICE_FAMILY = "1,2";
			};
			name = Debug;
		};
		4CAEB733261DF5BE00EF21E7 /* Release */ = {
			isa = XCBuildConfiguration;
			buildSettings = {
				ASSETCATALOG_COMPILER_APPICON_NAME = AppIcon;
				ASSETCATALOG_COMPILER_GLOBAL_ACCENT_COLOR_NAME = AccentColor;
				CODE_SIGN_STYLE = Automatic;
				DEVELOPMENT_ASSET_PATHS = "\"Datum/Preview Content\"";
				DEVELOPMENT_TEAM = A7B3KML4QM;
				ENABLE_PREVIEWS = YES;
				INFOPLIST_FILE = Datum/Info.plist;
				IPHONEOS_DEPLOYMENT_TARGET = 14.0;
				LD_RUNPATH_SEARCH_PATHS = (
					"$(inherited)",
					"@executable_path/Frameworks",
				);
				PRODUCT_BUNDLE_IDENTIFIER = com.zacsoldaat.Datum;
				PRODUCT_NAME = "$(TARGET_NAME)";
				SWIFT_VERSION = 5.0;
				TARGETED_DEVICE_FAMILY = "1,2";
			};
			name = Release;
		};
		4CAEB735261DF5BE00EF21E7 /* Debug */ = {
			isa = XCBuildConfiguration;
			buildSettings = {
				ALWAYS_EMBED_SWIFT_STANDARD_LIBRARIES = YES;
				BUNDLE_LOADER = "$(TEST_HOST)";
				CODE_SIGN_STYLE = Automatic;
				DEVELOPMENT_TEAM = A7B3KML4QM;
				INFOPLIST_FILE = DatumTests/Info.plist;
				IPHONEOS_DEPLOYMENT_TARGET = 14.0;
				LD_RUNPATH_SEARCH_PATHS = (
					"$(inherited)",
					"@executable_path/Frameworks",
					"@loader_path/Frameworks",
				);
				PRODUCT_BUNDLE_IDENTIFIER = com.zacsoldaat.DatumTests;
				PRODUCT_NAME = "$(TARGET_NAME)";
				SWIFT_VERSION = 5.0;
				TARGETED_DEVICE_FAMILY = "1,2";
				TEST_HOST = "$(BUILT_PRODUCTS_DIR)/Datum.app/Datum";
			};
			name = Debug;
		};
		4CAEB736261DF5BE00EF21E7 /* Release */ = {
			isa = XCBuildConfiguration;
			buildSettings = {
				ALWAYS_EMBED_SWIFT_STANDARD_LIBRARIES = YES;
				BUNDLE_LOADER = "$(TEST_HOST)";
				CODE_SIGN_STYLE = Automatic;
				DEVELOPMENT_TEAM = A7B3KML4QM;
				INFOPLIST_FILE = DatumTests/Info.plist;
				IPHONEOS_DEPLOYMENT_TARGET = 14.0;
				LD_RUNPATH_SEARCH_PATHS = (
					"$(inherited)",
					"@executable_path/Frameworks",
					"@loader_path/Frameworks",
				);
				PRODUCT_BUNDLE_IDENTIFIER = com.zacsoldaat.DatumTests;
				PRODUCT_NAME = "$(TARGET_NAME)";
				SWIFT_VERSION = 5.0;
				TARGETED_DEVICE_FAMILY = "1,2";
				TEST_HOST = "$(BUILT_PRODUCTS_DIR)/Datum.app/Datum";
			};
			name = Release;
		};
		4CAEB738261DF5BE00EF21E7 /* Debug */ = {
			isa = XCBuildConfiguration;
			buildSettings = {
				ALWAYS_EMBED_SWIFT_STANDARD_LIBRARIES = YES;
				CODE_SIGN_STYLE = Automatic;
				DEVELOPMENT_TEAM = A7B3KML4QM;
				INFOPLIST_FILE = DatumUITests/Info.plist;
				LD_RUNPATH_SEARCH_PATHS = (
					"$(inherited)",
					"@executable_path/Frameworks",
					"@loader_path/Frameworks",
				);
				PRODUCT_BUNDLE_IDENTIFIER = com.zacsoldaat.DatumUITests;
				PRODUCT_NAME = "$(TARGET_NAME)";
				SWIFT_VERSION = 5.0;
				TARGETED_DEVICE_FAMILY = "1,2";
				TEST_TARGET_NAME = Datum;
			};
			name = Debug;
		};
		4CAEB739261DF5BE00EF21E7 /* Release */ = {
			isa = XCBuildConfiguration;
			buildSettings = {
				ALWAYS_EMBED_SWIFT_STANDARD_LIBRARIES = YES;
				CODE_SIGN_STYLE = Automatic;
				DEVELOPMENT_TEAM = A7B3KML4QM;
				INFOPLIST_FILE = DatumUITests/Info.plist;
				LD_RUNPATH_SEARCH_PATHS = (
					"$(inherited)",
					"@executable_path/Frameworks",
					"@loader_path/Frameworks",
				);
				PRODUCT_BUNDLE_IDENTIFIER = com.zacsoldaat.DatumUITests;
				PRODUCT_NAME = "$(TARGET_NAME)";
				SWIFT_VERSION = 5.0;
				TARGETED_DEVICE_FAMILY = "1,2";
				TEST_TARGET_NAME = Datum;
			};
			name = Release;
		};
/* End XCBuildConfiguration section */

/* Begin XCConfigurationList section */
		4CAEB702261DF5B900EF21E7 /* Build configuration list for PBXProject "Datum" */ = {
			isa = XCConfigurationList;
			buildConfigurations = (
				4CAEB72F261DF5BE00EF21E7 /* Debug */,
				4CAEB730261DF5BE00EF21E7 /* Release */,
			);
			defaultConfigurationIsVisible = 0;
			defaultConfigurationName = Release;
		};
		4CAEB731261DF5BE00EF21E7 /* Build configuration list for PBXNativeTarget "Datum" */ = {
			isa = XCConfigurationList;
			buildConfigurations = (
				4CAEB732261DF5BE00EF21E7 /* Debug */,
				4CAEB733261DF5BE00EF21E7 /* Release */,
			);
			defaultConfigurationIsVisible = 0;
			defaultConfigurationName = Release;
		};
		4CAEB734261DF5BE00EF21E7 /* Build configuration list for PBXNativeTarget "DatumTests" */ = {
			isa = XCConfigurationList;
			buildConfigurations = (
				4CAEB735261DF5BE00EF21E7 /* Debug */,
				4CAEB736261DF5BE00EF21E7 /* Release */,
			);
			defaultConfigurationIsVisible = 0;
			defaultConfigurationName = Release;
		};
		4CAEB737261DF5BE00EF21E7 /* Build configuration list for PBXNativeTarget "DatumUITests" */ = {
			isa = XCConfigurationList;
			buildConfigurations = (
				4CAEB738261DF5BE00EF21E7 /* Debug */,
				4CAEB739261DF5BE00EF21E7 /* Release */,
			);
			defaultConfigurationIsVisible = 0;
			defaultConfigurationName = Release;
		};
/* End XCConfigurationList section */

/* Begin XCVersionGroup section */
		4CAEB715261DF5BD00EF21E7 /* Datum.xcdatamodeld */ = {
			isa = XCVersionGroup;
			children = (
				4CAEB716261DF5BD00EF21E7 /* Datum.xcdatamodel */,
			);
			currentVersion = 4CAEB716261DF5BD00EF21E7 /* Datum.xcdatamodel */;
			path = Datum.xcdatamodeld;
			sourceTree = "<group>";
			versionGroupType = wrapper.xcdatamodel;
		};
/* End XCVersionGroup section */
	};
	rootObject = 4CAEB6FF261DF5B900EF21E7 /* Project object */;
}
